<?xml version="1.0" encoding="utf-8"?>
<Project ToolsVersion="4.0" xmlns="http://schemas.microsoft.com/developer/msbuild/2003">
  <ItemGroup>
    <ClCompile Include="src\ecs\BitMask.cpp" />
    <ClCompile Include="src\ecs\Components\State2D.cpp" />
    <ClCompile Include="src\ecs\Entity.cpp" />
    <ClCompile Include="src\engine\render\sdl\renderer-sdl.cpp" />
    <ClCompile Include="src\ecs\Event.cpp" />
    <ClCompile Include="src\ecs\System.cpp" />
    <ClCompile Include="src\engine\engine.cpp" />
    <ClCompile Include="src\engine\eventloop.cpp" />
    <ClCompile Include="src\engine\userfunctions.cpp" />
    <ClCompile Include="src\ph\game.cpp" />
    <ClCompile Include="src\engine\window.cpp" />
  </ItemGroup>
  <ItemGroup>
    <ClInclude Include="src\ecs\BitMask.h" />
    <ClInclude Include="src\ecs\Component.h" />
    <ClInclude Include="src\ecs\Components\State2D.h" />
    <ClInclude Include="src\ecs\ECS_Types.h" />
    <ClInclude Include="src\ecs\Entity.h" />
    <ClInclude Include="src\ecs\BitMask.h" />
    <ClInclude Include="src\ecs\Component.h" />
    <ClInclude Include="src\ecs\Components\State2D.h" />
    <ClInclude Include="src\ecs\ECS_Types.h" />
    <ClInclude Include="src\ecs\Entity.h" />
    <ClInclude Include="src\math\Math.h" />
    <ClInclude Include="src\math\MathConfig.h" />
    <ClInclude Include="src\engine\render\renderer.h" />
    <ClInclude Include="src\render\renderer.h" />
    <ClInclude Include="src\ecs\SystemManager.h" />
    <ClInclude Include="src\ecs\Event.h" />
    <ClInclude Include="src\ecs\System.h" />
    <ClInclude Include="src\engine\engine.h" />
    <ClInclude Include="src\engine\events.h" />
    <ClInclude Include="src\engine\eventloop.h" />
    <ClInclude Include="src\engine\userfunctions.h" />
    <ClInclude Include="src\ph\game.h" />
    <ClInclude Include="src\engine\window.h" />
    <ClInclude Include="src\engine\renderer.h" />
  </ItemGroup>
  <ItemGroup>
    <None Include="packages.config" />
  </ItemGroup>
</Project>