<?xml version="1.0" encoding="utf-8"?>
<Project ToolsVersion="4.0" xmlns="http://schemas.microsoft.com/developer/msbuild/2003">
  <ItemGroup>
    <None Include="packages.config" />
  </ItemGroup>
  <ItemGroup>
    <ClInclude Include="window.hpp" />
    <ClInclude Include="renderer_2d.hpp" />
    <ClInclude Include="types.hpp" />
    <ClInclude Include="event_emitter.hpp" />
    <ClInclude Include="event_processor.hpp" />
    <ClInclude Include="events.hpp" />
  </ItemGroup>
  <ItemGroup>
    <ClCompile Include="window.cpp" />
    <ClCompile Include="renderer_2d.cpp" />
    <ClCompile Include="types.cpp" />
    <ClCompile Include="event_processor.cpp" />
  </ItemGroup>
</Project>