<?xml version="1.0" encoding="utf-8"?>
<Project ToolsVersion="4.0" xmlns="http://schemas.microsoft.com/developer/msbuild/2003">
  <ItemGroup>
    <ClCompile Include="src\engine\ecs\BitMask.cpp" />
    <ClCompile Include="src\engine\ecs\Components\State2D.cpp" />
    <ClCompile Include="src\engine\ecs\Entity.cpp" />
    <ClCompile Include="src\engine\events\events.cpp" />
    <ClCompile Include="src\engine\render\sdl\renderer-sdl.cpp" />
    <ClCompile Include="src\engine\window\sdl\window-sdl.cpp" />
    <ClCompile Include="src\engine\ecs\Event.cpp" />
    <ClCompile Include="src\engine\ecs\System.cpp" />
    <ClCompile Include="src\engine\ecs\Communicator.cpp" />
    <ClCompile Include="src\engine\ecs\MessageHandler.cpp" />
    <ClCompile Include="src\engine\ecs\SystemManager.cpp" />
    <ClCompile Include="src\engine\render\window\WindowGLFW_OpenGL.cpp" />
  </ItemGroup>
  <ItemGroup>
    <ClInclude Include="src\ecs\BitMask.h" />
    <ClInclude Include="src\ecs\Component.h" />
    <ClInclude Include="src\ecs\Components\State2D.h" />
    <ClInclude Include="src\ecs\ECS_Types.h" />
    <ClInclude Include="src\ecs\Entity.h" />
    <ClInclude Include="src\engine\ecs\BitMask.h" />
    <ClInclude Include="src\engine\ecs\Component.h" />
    <ClInclude Include="src\engine\ecs\Components\State2D.h" />
    <ClInclude Include="src\engine\ecs\ECS_Types.h" />
    <ClInclude Include="src\engine\ecs\Entity.h" />
    <ClInclude Include="src\engine\events\events.h" />
    <ClInclude Include="src\engine\math\Math.h" />
    <ClInclude Include="src\engine\math\MathConfig.h" />
    <ClInclude Include="src\engine\render\renderer.h" />
    <ClInclude Include="src\engine\window\window.h" />
    <ClInclude Include="src\render\renderer.h" />
    <ClInclude Include="src\engine\ecs\SystemManager.h" />
    <ClInclude Include="src\engine\ecs\Event.h" />
    <ClInclude Include="src\engine\ecs\System.h" />
    <ClInclude Include="src\engine\ecs\Observer.h" />
    <ClInclude Include="src\engine\ecs\Message.h" />
    <ClInclude Include="src\engine\ecs\Communicator.h" />
    <ClInclude Include="src\engine\ecs\MessageHandler.h" />
    <ClInclude Include="src\engine\render\Renderer3D.h" />
    <ClInclude Include="src\engine\render\window\Window.h" />
    <ClInclude Include="src\engine\render\NewRenderer.h" />
    <ClInclude Include="src\engine\render\window\WindowGLFW_OpenGL.h" />
    <ClInclude Include="src\engine\render\window\WindowGLFW.h" />
    <ClInclude Include="src\engine\render\RendererOpenGL.h" />
  </ItemGroup>
  <ItemGroup>
    <None Include="packages.config" />
  </ItemGroup>
</Project>